
Microsoft Visual Studio Solution File, Format Version 12.00
# Visual Studio Version 16
VisualStudioVersion = 16.0.29709.97
MinimumVisualStudioVersion = 10.0.40219.1
Project("{FAE04EC0-301F-11D3-BF4B-00C04F79EFBC}") = "Calculator", "Calculator.csproj", "{D0CAB168-EE71-4CE5-BC2E-339BEF2455BF}"
EndProject
Project("{FAE04EC0-301F-11D3-BF4B-00C04F79EFBC}") = "Calculator.App", "..\Calculator.App\Calculator.App.csproj", "{C22E09EA-213C-4875-9776-6B83F4F6FCFF}"
EndProject
Project("{FAE04EC0-301F-11D3-BF4B-00C04F79EFBC}") = "Calculator.Test.Unit", "..\Calculator.Test.Unit\Calculator.Test.Unit.csproj", "{056E32C0-ABAA-48A9-ACBB-140E38564855}"
EndProject
Global
	GlobalSection(SolutionConfigurationPlatforms) = preSolution
		Debug|Any CPU = Debug|Any CPU
		Release|Any CPU = Release|Any CPU
	EndGlobalSection
	GlobalSection(ProjectConfigurationPlatforms) = postSolution
		{D0CAB168-EE71-4CE5-BC2E-339BEF2455BF}.Debug|Any CPU.ActiveCfg = Debug|Any CPU
		{D0CAB168-EE71-4CE5-BC2E-339BEF2455BF}.Debug|Any CPU.Build.0 = Debug|Any CPU
		{D0CAB168-EE71-4CE5-BC2E-339BEF2455BF}.Release|Any CPU.ActiveCfg = Release|Any CPU
		{D0CAB168-EE71-4CE5-BC2E-339BEF2455BF}.Release|Any CPU.Build.0 = Release|Any CPU
		{C22E09EA-213C-4875-9776-6B83F4F6FCFF}.Debug|Any CPU.ActiveCfg = Debug|Any CPU
		{C22E09EA-213C-4875-9776-6B83F4F6FCFF}.Debug|Any CPU.Build.0 = Debug|Any CPU
		{C22E09EA-213C-4875-9776-6B83F4F6FCFF}.Release|Any CPU.ActiveCfg = Release|Any CPU
		{C22E09EA-213C-4875-9776-6B83F4F6FCFF}.Release|Any CPU.Build.0 = Release|Any CPU
		{056E32C0-ABAA-48A9-ACBB-140E38564855}.Debug|Any CPU.ActiveCfg = Debug|Any CPU
		{056E32C0-ABAA-48A9-ACBB-140E38564855}.Debug|Any CPU.Build.0 = Debug|Any CPU
		{056E32C0-ABAA-48A9-ACBB-140E38564855}.Release|Any CPU.ActiveCfg = Release|Any CPU
		{056E32C0-ABAA-48A9-ACBB-140E38564855}.Release|Any CPU.Build.0 = Release|Any CPU
	EndGlobalSection
	GlobalSection(SolutionProperties) = preSolution
		HideSolutionNode = FALSE
	EndGlobalSection
	GlobalSection(ExtensibilityGlobals) = postSolution
		SolutionGuid = {E4606B89-8FD4-4A7B-B728-C1D193CBDEB4}
	EndGlobalSection
EndGlobal
